// !$*UTF8*$!
{
	archiveVersion = 1;
	classes = {
	};
	objectVersion = 51;
	objects = {

/* Begin PBXBuildFile section */
		291C23DB2540A09500F89B34 /* AppDelegate.swift in Sources */ = {isa = PBXBuildFile; fileRef = 291C23DA2540A09500F89B34 /* AppDelegate.swift */; };
		291C23DD2540A09500F89B34 /* SceneDelegate.swift in Sources */ = {isa = PBXBuildFile; fileRef = 291C23DC2540A09500F89B34 /* SceneDelegate.swift */; };
		291C23E22540A09500F89B34 /* Main.storyboard in Resources */ = {isa = PBXBuildFile; fileRef = 291C23E02540A09500F89B34 /* Main.storyboard */; };
		291C23E42540A09700F89B34 /* Assets.xcassets in Resources */ = {isa = PBXBuildFile; fileRef = 291C23E32540A09700F89B34 /* Assets.xcassets */; };
		291C23E72540A09700F89B34 /* LaunchScreen.storyboard in Resources */ = {isa = PBXBuildFile; fileRef = 291C23E52540A09700F89B34 /* LaunchScreen.storyboard */; };
		291C23F22540A09800F89B34 /* FlixMovieTests.swift in Sources */ = {isa = PBXBuildFile; fileRef = 291C23F12540A09800F89B34 /* FlixMovieTests.swift */; };
		291C23FD2540A09800F89B34 /* FlixMovieUITests.swift in Sources */ = {isa = PBXBuildFile; fileRef = 291C23FC2540A09800F89B34 /* FlixMovieUITests.swift */; };
		291C24192540A4CF00F89B34 /* MoviesViewController.swift in Sources */ = {isa = PBXBuildFile; fileRef = 291C24182540A4CF00F89B34 /* MoviesViewController.swift */; };
		291C241E2540C1D900F89B34 /* MovieCell.swift in Sources */ = {isa = PBXBuildFile; fileRef = 291C241D2540C1D900F89B34 /* MovieCell.swift */; };
		5FD8B5E5012FBFE68FB5E7AD /* Pods_FlixMovie.framework in Frameworks */ = {isa = PBXBuildFile; fileRef = 0AEA412EF4570EEC4B26E791 /* Pods_FlixMovie.framework */; };
		9D7C51BE5FA1B9E31C72E7F6 /* Pods_FlixMovieTests.framework in Frameworks */ = {isa = PBXBuildFile; fileRef = 69DB07774CB8098712F6045B /* Pods_FlixMovieTests.framework */; };
		D5AE48A3564163BE54C905AE /* Pods_FlixMovie_FlixMovieUITests.framework in Frameworks */ = {isa = PBXBuildFile; fileRef = A38C4E157569095ECEFF9715 /* Pods_FlixMovie_FlixMovieUITests.framework */; };
/* End PBXBuildFile section */

/* Begin PBXContainerItemProxy section */
		291C23EE2540A09800F89B34 /* PBXContainerItemProxy */ = {
			isa = PBXContainerItemProxy;
			containerPortal = 291C23CF2540A09500F89B34 /* Project object */;
			proxyType = 1;
			remoteGlobalIDString = 291C23D62540A09500F89B34;
			remoteInfo = FlixMovie;
		};
		291C23F92540A09800F89B34 /* PBXContainerItemProxy */ = {
			isa = PBXContainerItemProxy;
			containerPortal = 291C23CF2540A09500F89B34 /* Project object */;
			proxyType = 1;
			remoteGlobalIDString = 291C23D62540A09500F89B34;
			remoteInfo = FlixMovie;
		};
/* End PBXContainerItemProxy section */

/* Begin PBXFileReference section */
		0AEA412EF4570EEC4B26E791 /* Pods_FlixMovie.framework */ = {isa = PBXFileReference; explicitFileType = wrapper.framework; includeInIndex = 0; path = Pods_FlixMovie.framework; sourceTree = BUILT_PRODUCTS_DIR; };
		291C23D72540A09500F89B34 /* FlixMovie.app */ = {isa = PBXFileReference; explicitFileType = wrapper.application; includeInIndex = 0; path = FlixMovie.app; sourceTree = BUILT_PRODUCTS_DIR; };
		291C23DA2540A09500F89B34 /* AppDelegate.swift */ = {isa = PBXFileReference; lastKnownFileType = sourcecode.swift; path = AppDelegate.swift; sourceTree = "<group>"; };
		291C23DC2540A09500F89B34 /* SceneDelegate.swift */ = {isa = PBXFileReference; lastKnownFileType = sourcecode.swift; path = SceneDelegate.swift; sourceTree = "<group>"; };
		291C23E12540A09500F89B34 /* Base */ = {isa = PBXFileReference; lastKnownFileType = file.storyboard; name = Base; path = Base.lproj/Main.storyboard; sourceTree = "<group>"; };
		291C23E32540A09700F89B34 /* Assets.xcassets */ = {isa = PBXFileReference; lastKnownFileType = folder.assetcatalog; path = Assets.xcassets; sourceTree = "<group>"; };
		291C23E62540A09700F89B34 /* Base */ = {isa = PBXFileReference; lastKnownFileType = file.storyboard; name = Base; path = Base.lproj/LaunchScreen.storyboard; sourceTree = "<group>"; };
		291C23E82540A09700F89B34 /* Info.plist */ = {isa = PBXFileReference; lastKnownFileType = text.plist.xml; path = Info.plist; sourceTree = "<group>"; };
		291C23ED2540A09800F89B34 /* FlixMovieTests.xctest */ = {isa = PBXFileReference; explicitFileType = wrapper.cfbundle; includeInIndex = 0; path = FlixMovieTests.xctest; sourceTree = BUILT_PRODUCTS_DIR; };
		291C23F12540A09800F89B34 /* FlixMovieTests.swift */ = {isa = PBXFileReference; lastKnownFileType = sourcecode.swift; path = FlixMovieTests.swift; sourceTree = "<group>"; };
		291C23F32540A09800F89B34 /* Info.plist */ = {isa = PBXFileReference; lastKnownFileType = text.plist.xml; path = Info.plist; sourceTree = "<group>"; };
		291C23F82540A09800F89B34 /* FlixMovieUITests.xctest */ = {isa = PBXFileReference; explicitFileType = wrapper.cfbundle; includeInIndex = 0; path = FlixMovieUITests.xctest; sourceTree = BUILT_PRODUCTS_DIR; };
		291C23FC2540A09800F89B34 /* FlixMovieUITests.swift */ = {isa = PBXFileReference; lastKnownFileType = sourcecode.swift; path = FlixMovieUITests.swift; sourceTree = "<group>"; };
		291C23FE2540A09800F89B34 /* Info.plist */ = {isa = PBXFileReference; lastKnownFileType = text.plist.xml; path = Info.plist; sourceTree = "<group>"; };
		291C24182540A4CF00F89B34 /* MoviesViewController.swift */ = {isa = PBXFileReference; lastKnownFileType = sourcecode.swift; path = MoviesViewController.swift; sourceTree = "<group>"; };
		291C241D2540C1D900F89B34 /* MovieCell.swift */ = {isa = PBXFileReference; lastKnownFileType = sourcecode.swift; path = MovieCell.swift; sourceTree = "<group>"; };
		2C0C77BA54077FBF1F33E07B /* Pods-FlixMovie-FlixMovieUITests.release.xcconfig */ = {isa = PBXFileReference; includeInIndex = 1; lastKnownFileType = text.xcconfig; name = "Pods-FlixMovie-FlixMovieUITests.release.xcconfig"; path = "Target Support Files/Pods-FlixMovie-FlixMovieUITests/Pods-FlixMovie-FlixMovieUITests.release.xcconfig"; sourceTree = "<group>"; };
		2FAE5E90D2BF9D33CA004DBE /* Pods-FlixMovie.debug.xcconfig */ = {isa = PBXFileReference; includeInIndex = 1; lastKnownFileType = text.xcconfig; name = "Pods-FlixMovie.debug.xcconfig"; path = "Target Support Files/Pods-FlixMovie/Pods-FlixMovie.debug.xcconfig"; sourceTree = "<group>"; };
		584E8D59859E5FBD3FB0C084 /* Pods-FlixMovie-FlixMovieUITests.debug.xcconfig */ = {isa = PBXFileReference; includeInIndex = 1; lastKnownFileType = text.xcconfig; name = "Pods-FlixMovie-FlixMovieUITests.debug.xcconfig"; path = "Target Support Files/Pods-FlixMovie-FlixMovieUITests/Pods-FlixMovie-FlixMovieUITests.debug.xcconfig"; sourceTree = "<group>"; };
		69DB07774CB8098712F6045B /* Pods_FlixMovieTests.framework */ = {isa = PBXFileReference; explicitFileType = wrapper.framework; includeInIndex = 0; path = Pods_FlixMovieTests.framework; sourceTree = BUILT_PRODUCTS_DIR; };
		6D24FAD0287B12A3ED5ADFBA /* Pods-FlixMovieTests.debug.xcconfig */ = {isa = PBXFileReference; includeInIndex = 1; lastKnownFileType = text.xcconfig; name = "Pods-FlixMovieTests.debug.xcconfig"; path = "Target Support Files/Pods-FlixMovieTests/Pods-FlixMovieTests.debug.xcconfig"; sourceTree = "<group>"; };
		A38C4E157569095ECEFF9715 /* Pods_FlixMovie_FlixMovieUITests.framework */ = {isa = PBXFileReference; explicitFileType = wrapper.framework; includeInIndex = 0; path = Pods_FlixMovie_FlixMovieUITests.framework; sourceTree = BUILT_PRODUCTS_DIR; };
		F419B5ECEA2EB67EA1F0F97E /* Pods-FlixMovie.release.xcconfig */ = {isa = PBXFileReference; includeInIndex = 1; lastKnownFileType = text.xcconfig; name = "Pods-FlixMovie.release.xcconfig"; path = "Target Support Files/Pods-FlixMovie/Pods-FlixMovie.release.xcconfig"; sourceTree = "<group>"; };
		F5728A224B5AF3403FFA136B /* Pods-FlixMovieTests.release.xcconfig */ = {isa = PBXFileReference; includeInIndex = 1; lastKnownFileType = text.xcconfig; name = "Pods-FlixMovieTests.release.xcconfig"; path = "Target Support Files/Pods-FlixMovieTests/Pods-FlixMovieTests.release.xcconfig"; sourceTree = "<group>"; };
/* End PBXFileReference section */

/* Begin PBXFrameworksBuildPhase section */
		291C23D42540A09500F89B34 /* Frameworks */ = {
			isa = PBXFrameworksBuildPhase;
			buildActionMask = 2147483647;
			files = (
				5FD8B5E5012FBFE68FB5E7AD /* Pods_FlixMovie.framework in Frameworks */,
			);
			runOnlyForDeploymentPostprocessing = 0;
		};
		291C23EA2540A09800F89B34 /* Frameworks */ = {
			isa = PBXFrameworksBuildPhase;
			buildActionMask = 2147483647;
			files = (
				9D7C51BE5FA1B9E31C72E7F6 /* Pods_FlixMovieTests.framework in Frameworks */,
			);
			runOnlyForDeploymentPostprocessing = 0;
		};
		291C23F52540A09800F89B34 /* Frameworks */ = {
			isa = PBXFrameworksBuildPhase;
			buildActionMask = 2147483647;
			files = (
				D5AE48A3564163BE54C905AE /* Pods_FlixMovie_FlixMovieUITests.framework in Frameworks */,
			);
			runOnlyForDeploymentPostprocessing = 0;
		};
/* End PBXFrameworksBuildPhase section */

/* Begin PBXGroup section */
		291C23CE2540A09500F89B34 = {
			isa = PBXGroup;
			children = (
				291C23D92540A09500F89B34 /* FlixMovie */,
				291C23F02540A09800F89B34 /* FlixMovieTests */,
				291C23FB2540A09800F89B34 /* FlixMovieUITests */,
				291C23D82540A09500F89B34 /* Products */,
				FBC0FCD1C0D457779710D8E5 /* Pods */,
				ADA17A01F653DEF8CC61BA6F /* Frameworks */,
			);
			sourceTree = "<group>";
		};
		291C23D82540A09500F89B34 /* Products */ = {
			isa = PBXGroup;
			children = (
				291C23D72540A09500F89B34 /* FlixMovie.app */,
				291C23ED2540A09800F89B34 /* FlixMovieTests.xctest */,
				291C23F82540A09800F89B34 /* FlixMovieUITests.xctest */,
			);
			name = Products;
			sourceTree = "<group>";
		};
		291C23D92540A09500F89B34 /* FlixMovie */ = {
			isa = PBXGroup;
			children = (
				291C23DA2540A09500F89B34 /* AppDelegate.swift */,
				291C23DC2540A09500F89B34 /* SceneDelegate.swift */,
				291C23E02540A09500F89B34 /* Main.storyboard */,
				291C23E32540A09700F89B34 /* Assets.xcassets */,
				291C23E52540A09700F89B34 /* LaunchScreen.storyboard */,
				291C23E82540A09700F89B34 /* Info.plist */,
				291C24182540A4CF00F89B34 /* MoviesViewController.swift */,
				291C241D2540C1D900F89B34 /* MovieCell.swift */,
			);
			path = FlixMovie;
			sourceTree = "<group>";
		};
		291C23F02540A09800F89B34 /* FlixMovieTests */ = {
			isa = PBXGroup;
			children = (
				291C23F12540A09800F89B34 /* FlixMovieTests.swift */,
				291C23F32540A09800F89B34 /* Info.plist */,
			);
			path = FlixMovieTests;
			sourceTree = "<group>";
		};
		291C23FB2540A09800F89B34 /* FlixMovieUITests */ = {
			isa = PBXGroup;
			children = (
				291C23FC2540A09800F89B34 /* FlixMovieUITests.swift */,
				291C23FE2540A09800F89B34 /* Info.plist */,
			);
			path = FlixMovieUITests;
			sourceTree = "<group>";
		};
		ADA17A01F653DEF8CC61BA6F /* Frameworks */ = {
			isa = PBXGroup;
			children = (
				0AEA412EF4570EEC4B26E791 /* Pods_FlixMovie.framework */,
				A38C4E157569095ECEFF9715 /* Pods_FlixMovie_FlixMovieUITests.framework */,
				69DB07774CB8098712F6045B /* Pods_FlixMovieTests.framework */,
			);
			name = Frameworks;
			sourceTree = "<group>";
		};
		FBC0FCD1C0D457779710D8E5 /* Pods */ = {
			isa = PBXGroup;
			children = (
				2FAE5E90D2BF9D33CA004DBE /* Pods-FlixMovie.debug.xcconfig */,
				F419B5ECEA2EB67EA1F0F97E /* Pods-FlixMovie.release.xcconfig */,
				584E8D59859E5FBD3FB0C084 /* Pods-FlixMovie-FlixMovieUITests.debug.xcconfig */,
				2C0C77BA54077FBF1F33E07B /* Pods-FlixMovie-FlixMovieUITests.release.xcconfig */,
				6D24FAD0287B12A3ED5ADFBA /* Pods-FlixMovieTests.debug.xcconfig */,
				F5728A224B5AF3403FFA136B /* Pods-FlixMovieTests.release.xcconfig */,
			);
			path = Pods;
			sourceTree = "<group>";
		};
/* End PBXGroup section */

/* Begin PBXNativeTarget section */
		291C23D62540A09500F89B34 /* FlixMovie */ = {
			isa = PBXNativeTarget;
			buildConfigurationList = 291C24012540A09800F89B34 /* Build configuration list for PBXNativeTarget "FlixMovie" */;
			buildPhases = (
				4E0BF04C4DA951E21FF026E8 /* [CP] Check Pods Manifest.lock */,
				291C23D32540A09500F89B34 /* Sources */,
				291C23D42540A09500F89B34 /* Frameworks */,
				291C23D52540A09500F89B34 /* Resources */,
				AFEE80229AE409906BCF6948 /* [CP] Embed Pods Frameworks */,
			);
			buildRules = (
			);
			dependencies = (
			);
			name = FlixMovie;
			productName = FlixMovie;
			productReference = 291C23D72540A09500F89B34 /* FlixMovie.app */;
			productType = "com.apple.product-type.application";
		};
		291C23EC2540A09800F89B34 /* FlixMovieTests */ = {
			isa = PBXNativeTarget;
			buildConfigurationList = 291C24042540A09800F89B34 /* Build configuration list for PBXNativeTarget "FlixMovieTests" */;
			buildPhases = (
				4414C2ACA090E2D5074F579D /* [CP] Check Pods Manifest.lock */,
				291C23E92540A09800F89B34 /* Sources */,
				291C23EA2540A09800F89B34 /* Frameworks */,
				291C23EB2540A09800F89B34 /* Resources */,
			);
			buildRules = (
			);
			dependencies = (
				291C23EF2540A09800F89B34 /* PBXTargetDependency */,
			);
			name = FlixMovieTests;
			productName = FlixMovieTests;
			productReference = 291C23ED2540A09800F89B34 /* FlixMovieTests.xctest */;
			productType = "com.apple.product-type.bundle.unit-test";
		};
		291C23F72540A09800F89B34 /* FlixMovieUITests */ = {
			isa = PBXNativeTarget;
			buildConfigurationList = 291C24072540A09800F89B34 /* Build configuration list for PBXNativeTarget "FlixMovieUITests" */;
			buildPhases = (
				6459050C24CEA2DDF658225D /* [CP] Check Pods Manifest.lock */,
				291C23F42540A09800F89B34 /* Sources */,
				291C23F52540A09800F89B34 /* Frameworks */,
				291C23F62540A09800F89B34 /* Resources */,
				A5CF418C309442CA8863DEF8 /* [CP] Embed Pods Frameworks */,
			);
			buildRules = (
			);
			dependencies = (
				291C23FA2540A09800F89B34 /* PBXTargetDependency */,
			);
			name = FlixMovieUITests;
			productName = FlixMovieUITests;
			productReference = 291C23F82540A09800F89B34 /* FlixMovieUITests.xctest */;
			productType = "com.apple.product-type.bundle.ui-testing";
		};
/* End PBXNativeTarget section */

/* Begin PBXProject section */
		291C23CF2540A09500F89B34 /* Project object */ = {
			isa = PBXProject;
			attributes = {
				LastSwiftUpdateCheck = 1200;
				LastUpgradeCheck = 1200;
				TargetAttributes = {
					291C23D62540A09500F89B34 = {
						CreatedOnToolsVersion = 12.0.1;
					};
					291C23EC2540A09800F89B34 = {
						CreatedOnToolsVersion = 12.0.1;
						TestTargetID = 291C23D62540A09500F89B34;
					};
					291C23F72540A09800F89B34 = {
						CreatedOnToolsVersion = 12.0.1;
						TestTargetID = 291C23D62540A09500F89B34;
					};
				};
			};
			buildConfigurationList = 291C23D22540A09500F89B34 /* Build configuration list for PBXProject "FlixMovie" */;
			compatibilityVersion = "Xcode 9.3";
			developmentRegion = en;
			hasScannedForEncodings = 0;
			knownRegions = (
				en,
				Base,
			);
			mainGroup = 291C23CE2540A09500F89B34;
			productRefGroup = 291C23D82540A09500F89B34 /* Products */;
			projectDirPath = "";
			projectRoot = "";
			targets = (
				291C23D62540A09500F89B34 /* FlixMovie */,
				291C23EC2540A09800F89B34 /* FlixMovieTests */,
				291C23F72540A09800F89B34 /* FlixMovieUITests */,
			);
		};
/* End PBXProject section */

/* Begin PBXResourcesBuildPhase section */
		291C23D52540A09500F89B34 /* Resources */ = {
			isa = PBXResourcesBuildPhase;
			buildActionMask = 2147483647;
			files = (
				291C23E72540A09700F89B34 /* LaunchScreen.storyboard in Resources */,
				291C23E42540A09700F89B34 /* Assets.xcassets in Resources */,
				291C23E22540A09500F89B34 /* Main.storyboard in Resources */,
			);
			runOnlyForDeploymentPostprocessing = 0;
		};
		291C23EB2540A09800F89B34 /* Resources */ = {
			isa = PBXResourcesBuildPhase;
			buildActionMask = 2147483647;
			files = (
			);
			runOnlyForDeploymentPostprocessing = 0;
		};
		291C23F62540A09800F89B34 /* Resources */ = {
			isa = PBXResourcesBuildPhase;
			buildActionMask = 2147483647;
			files = (
			);
			runOnlyForDeploymentPostprocessing = 0;
		};
/* End PBXResourcesBuildPhase section */

/* Begin PBXShellScriptBuildPhase section */
		4414C2ACA090E2D5074F579D /* [CP] Check Pods Manifest.lock */ = {
			isa = PBXShellScriptBuildPhase;
			buildActionMask = 2147483647;
			files = (
			);
			inputFileListPaths = (
			);
			inputPaths = (
				"${PODS_PODFILE_DIR_PATH}/Podfile.lock",
				"${PODS_ROOT}/Manifest.lock",
			);
			name = "[CP] Check Pods Manifest.lock";
			outputFileListPaths = (
			);
			outputPaths = (
				"$(DERIVED_FILE_DIR)/Pods-FlixMovieTests-checkManifestLockResult.txt",
			);
			runOnlyForDeploymentPostprocessing = 0;
			shellPath = /bin/sh;
			shellScript = "diff \"${PODS_PODFILE_DIR_PATH}/Podfile.lock\" \"${PODS_ROOT}/Manifest.lock\" > /dev/null\nif [ $? != 0 ] ; then\n    # print error to STDERR\n    echo \"error: The sandbox is not in sync with the Podfile.lock. Run 'pod install' or update your CocoaPods installation.\" >&2\n    exit 1\nfi\n# This output is used by Xcode 'outputs' to avoid re-running this script phase.\necho \"SUCCESS\" > \"${SCRIPT_OUTPUT_FILE_0}\"\n";
			showEnvVarsInLog = 0;
		};
		4E0BF04C4DA951E21FF026E8 /* [CP] Check Pods Manifest.lock */ = {
			isa = PBXShellScriptBuildPhase;
			buildActionMask = 2147483647;
			files = (
			);
			inputFileListPaths = (
			);
			inputPaths = (
				"${PODS_PODFILE_DIR_PATH}/Podfile.lock",
				"${PODS_ROOT}/Manifest.lock",
			);
			name = "[CP] Check Pods Manifest.lock";
			outputFileListPaths = (
			);
			outputPaths = (
				"$(DERIVED_FILE_DIR)/Pods-FlixMovie-checkManifestLockResult.txt",
			);
			runOnlyForDeploymentPostprocessing = 0;
			shellPath = /bin/sh;
			shellScript = "diff \"${PODS_PODFILE_DIR_PATH}/Podfile.lock\" \"${PODS_ROOT}/Manifest.lock\" > /dev/null\nif [ $? != 0 ] ; then\n    # print error to STDERR\n    echo \"error: The sandbox is not in sync with the Podfile.lock. Run 'pod install' or update your CocoaPods installation.\" >&2\n    exit 1\nfi\n# This output is used by Xcode 'outputs' to avoid re-running this script phase.\necho \"SUCCESS\" > \"${SCRIPT_OUTPUT_FILE_0}\"\n";
			showEnvVarsInLog = 0;
		};
		6459050C24CEA2DDF658225D /* [CP] Check Pods Manifest.lock */ = {
			isa = PBXShellScriptBuildPhase;
			buildActionMask = 2147483647;
			files = (
			);
			inputFileListPaths = (
			);
			inputPaths = (
				"${PODS_PODFILE_DIR_PATH}/Podfile.lock",
				"${PODS_ROOT}/Manifest.lock",
			);
			name = "[CP] Check Pods Manifest.lock";
			outputFileListPaths = (
			);
			outputPaths = (
				"$(DERIVED_FILE_DIR)/Pods-FlixMovie-FlixMovieUITests-checkManifestLockResult.txt",
			);
			runOnlyForDeploymentPostprocessing = 0;
			shellPath = /bin/sh;
			shellScript = "diff \"${PODS_PODFILE_DIR_PATH}/Podfile.lock\" \"${PODS_ROOT}/Manifest.lock\" > /dev/null\nif [ $? != 0 ] ; then\n    # print error to STDERR\n    echo \"error: The sandbox is not in sync with the Podfile.lock. Run 'pod install' or update your CocoaPods installation.\" >&2\n    exit 1\nfi\n# This output is used by Xcode 'outputs' to avoid re-running this script phase.\necho \"SUCCESS\" > \"${SCRIPT_OUTPUT_FILE_0}\"\n";
			showEnvVarsInLog = 0;
		};
		A5CF418C309442CA8863DEF8 /* [CP] Embed Pods Frameworks */ = {
			isa = PBXShellScriptBuildPhase;
			buildActionMask = 2147483647;
			files = (
			);
			inputFileListPaths = (
				"${PODS_ROOT}/Target Support Files/Pods-FlixMovie-FlixMovieUITests/Pods-FlixMovie-FlixMovieUITests-frameworks-${CONFIGURATION}-input-files.xcfilelist",
			);
			name = "[CP] Embed Pods Frameworks";
			outputFileListPaths = (
				"${PODS_ROOT}/Target Support Files/Pods-FlixMovie-FlixMovieUITests/Pods-FlixMovie-FlixMovieUITests-frameworks-${CONFIGURATION}-output-files.xcfilelist",
			);
			runOnlyForDeploymentPostprocessing = 0;
			shellPath = /bin/sh;
			shellScript = "\"${PODS_ROOT}/Target Support Files/Pods-FlixMovie-FlixMovieUITests/Pods-FlixMovie-FlixMovieUITests-frameworks.sh\"\n";
			showEnvVarsInLog = 0;
		};
		AFEE80229AE409906BCF6948 /* [CP] Embed Pods Frameworks */ = {
			isa = PBXShellScriptBuildPhase;
			buildActionMask = 2147483647;
			files = (
			);
			inputFileListPaths = (
				"${PODS_ROOT}/Target Support Files/Pods-FlixMovie/Pods-FlixMovie-frameworks-${CONFIGURATION}-input-files.xcfilelist",
			);
			name = "[CP] Embed Pods Frameworks";
			outputFileListPaths = (
				"${PODS_ROOT}/Target Support Files/Pods-FlixMovie/Pods-FlixMovie-frameworks-${CONFIGURATION}-output-files.xcfilelist",
			);
			runOnlyForDeploymentPostprocessing = 0;
			shellPath = /bin/sh;
			shellScript = "\"${PODS_ROOT}/Target Support Files/Pods-FlixMovie/Pods-FlixMovie-frameworks.sh\"\n";
			showEnvVarsInLog = 0;
		};
/* End PBXShellScriptBuildPhase section */

/* Begin PBXSourcesBuildPhase section */
		291C23D32540A09500F89B34 /* Sources */ = {
			isa = PBXSourcesBuildPhase;
			buildActionMask = 2147483647;
			files = (
				291C23DB2540A09500F89B34 /* AppDelegate.swift in Sources */,
				291C23DD2540A09500F89B34 /* SceneDelegate.swift in Sources */,
				291C241E2540C1D900F89B34 /* MovieCell.swift in Sources */,
				291C24192540A4CF00F89B34 /* MoviesViewController.swift in Sources */,
			);
			runOnlyForDeploymentPostprocessing = 0;
		};
		291C23E92540A09800F89B34 /* Sources */ = {
			isa = PBXSourcesBuildPhase;
			buildActionMask = 2147483647;
			files = (
				291C23F22540A09800F89B34 /* FlixMovieTests.swift in Sources */,
			);
			runOnlyForDeploymentPostprocessing = 0;
		};
		291C23F42540A09800F89B34 /* Sources */ = {
			isa = PBXSourcesBuildPhase;
			buildActionMask = 2147483647;
			files = (
				291C23FD2540A09800F89B34 /* FlixMovieUITests.swift in Sources */,
			);
			runOnlyForDeploymentPostprocessing = 0;
		};
/* End PBXSourcesBuildPhase section */

/* Begin PBXTargetDependency section */
		291C23EF2540A09800F89B34 /* PBXTargetDependency */ = {
			isa = PBXTargetDependency;
			target = 291C23D62540A09500F89B34 /* FlixMovie */;
			targetProxy = 291C23EE2540A09800F89B34 /* PBXContainerItemProxy */;
		};
		291C23FA2540A09800F89B34 /* PBXTargetDependency */ = {
			isa = PBXTargetDependency;
			target = 291C23D62540A09500F89B34 /* FlixMovie */;
			targetProxy = 291C23F92540A09800F89B34 /* PBXContainerItemProxy */;
		};
/* End PBXTargetDependency section */

/* Begin PBXVariantGroup section */
		291C23E02540A09500F89B34 /* Main.storyboard */ = {
			isa = PBXVariantGroup;
			children = (
				291C23E12540A09500F89B34 /* Base */,
			);
			name = Main.storyboard;
			sourceTree = "<group>";
		};
		291C23E52540A09700F89B34 /* LaunchScreen.storyboard */ = {
			isa = PBXVariantGroup;
			children = (
				291C23E62540A09700F89B34 /* Base */,
			);
			name = LaunchScreen.storyboard;
			sourceTree = "<group>";
		};
/* End PBXVariantGroup section */

/* Begin XCBuildConfiguration section */
		291C23FF2540A09800F89B34 /* Debug */ = {
			isa = XCBuildConfiguration;
			buildSettings = {
				ALWAYS_SEARCH_USER_PATHS = NO;
				CLANG_ANALYZER_NONNULL = YES;
				CLANG_ANALYZER_NUMBER_OBJECT_CONVERSION = YES_AGGRESSIVE;
				CLANG_CXX_LANGUAGE_STANDARD = "gnu++14";
				CLANG_CXX_LIBRARY = "libc++";
				CLANG_ENABLE_MODULES = YES;
				CLANG_ENABLE_OBJC_ARC = YES;
				CLANG_ENABLE_OBJC_WEAK = YES;
				CLANG_WARN_BLOCK_CAPTURE_AUTORELEASING = YES;
				CLANG_WARN_BOOL_CONVERSION = YES;
				CLANG_WARN_COMMA = YES;
				CLANG_WARN_CONSTANT_CONVERSION = YES;
				CLANG_WARN_DEPRECATED_OBJC_IMPLEMENTATIONS = YES;
				CLANG_WARN_DIRECT_OBJC_ISA_USAGE = YES_ERROR;
				CLANG_WARN_DOCUMENTATION_COMMENTS = YES;
				CLANG_WARN_EMPTY_BODY = YES;
				CLANG_WARN_ENUM_CONVERSION = YES;
				CLANG_WARN_INFINITE_RECURSION = YES;
				CLANG_WARN_INT_CONVERSION = YES;
				CLANG_WARN_NON_LITERAL_NULL_CONVERSION = YES;
				CLANG_WARN_OBJC_IMPLICIT_RETAIN_SELF = YES;
				CLANG_WARN_OBJC_LITERAL_CONVERSION = YES;
				CLANG_WARN_OBJC_ROOT_CLASS = YES_ERROR;
				CLANG_WARN_QUOTED_INCLUDE_IN_FRAMEWORK_HEADER = YES;
				CLANG_WARN_RANGE_LOOP_ANALYSIS = YES;
				CLANG_WARN_STRICT_PROTOTYPES = YES;
				CLANG_WARN_SUSPICIOUS_MOVE = YES;
				CLANG_WARN_UNGUARDED_AVAILABILITY = YES_AGGRESSIVE;
				CLANG_WARN_UNREACHABLE_CODE = YES;
				CLANG_WARN__DUPLICATE_METHOD_MATCH = YES;
				COPY_PHASE_STRIP = NO;
				DEBUG_INFORMATION_FORMAT = dwarf;
				ENABLE_STRICT_OBJC_MSGSEND = YES;
				ENABLE_TESTABILITY = YES;
				GCC_C_LANGUAGE_STANDARD = gnu11;
				GCC_DYNAMIC_NO_PIC = NO;
				GCC_NO_COMMON_BLOCKS = YES;
				GCC_OPTIMIZATION_LEVEL = 0;
				GCC_PREPROCESSOR_DEFINITIONS = (
					"DEBUG=1",
					"$(inherited)",
				);
				GCC_WARN_64_TO_32_BIT_CONVERSION = YES;
				GCC_WARN_ABOUT_RETURN_TYPE = YES_ERROR;
				GCC_WARN_UNDECLARED_SELECTOR = YES;
				GCC_WARN_UNINITIALIZED_AUTOS = YES_AGGRESSIVE;
				GCC_WARN_UNUSED_FUNCTION = YES;
				GCC_WARN_UNUSED_VARIABLE = YES;
				IPHONEOS_DEPLOYMENT_TARGET = 14.0;
				MTL_ENABLE_DEBUG_INFO = INCLUDE_SOURCE;
				MTL_FAST_MATH = YES;
				ONLY_ACTIVE_ARCH = YES;
				SDKROOT = iphoneos;
				SWIFT_ACTIVE_COMPILATION_CONDITIONS = DEBUG;
				SWIFT_OPTIMIZATION_LEVEL = "-Onone";
			};
			name = Debug;
		};
		291C24002540A09800F89B34 /* Release */ = {
			isa = XCBuildConfiguration;
			buildSettings = {
				ALWAYS_SEARCH_USER_PATHS = NO;
				CLANG_ANALYZER_NONNULL = YES;
				CLANG_ANALYZER_NUMBER_OBJECT_CONVERSION = YES_AGGRESSIVE;
				CLANG_CXX_LANGUAGE_STANDARD = "gnu++14";
				CLANG_CXX_LIBRARY = "libc++";
				CLANG_ENABLE_MODULES = YES;
				CLANG_ENABLE_OBJC_ARC = YES;
				CLANG_ENABLE_OBJC_WEAK = YES;
				CLANG_WARN_BLOCK_CAPTURE_AUTORELEASING = YES;
				CLANG_WARN_BOOL_CONVERSION = YES;
				CLANG_WARN_COMMA = YES;
				CLANG_WARN_CONSTANT_CONVERSION = YES;
				CLANG_WARN_DEPRECATED_OBJC_IMPLEMENTATIONS = YES;
				CLANG_WARN_DIRECT_OBJC_ISA_USAGE = YES_ERROR;
				CLANG_WARN_DOCUMENTATION_COMMENTS = YES;
				CLANG_WARN_EMPTY_BODY = YES;
				CLANG_WARN_ENUM_CONVERSION = YES;
				CLANG_WARN_INFINITE_RECURSION = YES;
				CLANG_WARN_INT_CONVERSION = YES;
				CLANG_WARN_NON_LITERAL_NULL_CONVERSION = YES;
				CLANG_WARN_OBJC_IMPLICIT_RETAIN_SELF = YES;
				CLANG_WARN_OBJC_LITERAL_CONVERSION = YES;
				CLANG_WARN_OBJC_ROOT_CLASS = YES_ERROR;
				CLANG_WARN_QUOTED_INCLUDE_IN_FRAMEWORK_HEADER = YES;
				CLANG_WARN_RANGE_LOOP_ANALYSIS = YES;
				CLANG_WARN_STRICT_PROTOTYPES = YES;
				CLANG_WARN_SUSPICIOUS_MOVE = YES;
				CLANG_WARN_UNGUARDED_AVAILABILITY = YES_AGGRESSIVE;
				CLANG_WARN_UNREACHABLE_CODE = YES;
				CLANG_WARN__DUPLICATE_METHOD_MATCH = YES;
				COPY_PHASE_STRIP = NO;
				DEBUG_INFORMATION_FORMAT = "dwarf-with-dsym";
				ENABLE_NS_ASSERTIONS = NO;
				ENABLE_STRICT_OBJC_MSGSEND = YES;
				GCC_C_LANGUAGE_STANDARD = gnu11;
				GCC_NO_COMMON_BLOCKS = YES;
				GCC_WARN_64_TO_32_BIT_CONVERSION = YES;
				GCC_WARN_ABOUT_RETURN_TYPE = YES_ERROR;
				GCC_WARN_UNDECLARED_SELECTOR = YES;
				GCC_WARN_UNINITIALIZED_AUTOS = YES_AGGRESSIVE;
				GCC_WARN_UNUSED_FUNCTION = YES;
				GCC_WARN_UNUSED_VARIABLE = YES;
				IPHONEOS_DEPLOYMENT_TARGET = 14.0;
				MTL_ENABLE_DEBUG_INFO = NO;
				MTL_FAST_MATH = YES;
				SDKROOT = iphoneos;
				SWIFT_COMPILATION_MODE = wholemodule;
				SWIFT_OPTIMIZATION_LEVEL = "-O";
				VALIDATE_PRODUCT = YES;
			};
			name = Release;
		};
		291C24022540A09800F89B34 /* Debug */ = {
			isa = XCBuildConfiguration;
			baseConfigurationReference = 2FAE5E90D2BF9D33CA004DBE /* Pods-FlixMovie.debug.xcconfig */;
			buildSettings = {
				ASSETCATALOG_COMPILER_APPICON_NAME = AppIcon;
				ASSETCATALOG_COMPILER_GLOBAL_ACCENT_COLOR_NAME = AccentColor;
				CODE_SIGN_STYLE = Automatic;
				DEVELOPMENT_TEAM = M3RH4M498S;
				INFOPLIST_FILE = FlixMovie/Info.plist;
				LD_RUNPATH_SEARCH_PATHS = (
					"$(inherited)",
					"@executable_path/Frameworks",
				);
				PRODUCT_BUNDLE_IDENTIFIER = shreeyeshc.FlixMovie;
				PRODUCT_NAME = "$(TARGET_NAME)";
				SWIFT_VERSION = 5.0;
				TARGETED_DEVICE_FAMILY = "1,2";
			};
			name = Debug;
		};
		291C24032540A09800F89B34 /* Release */ = {
			isa = XCBuildConfiguration;
			baseConfigurationReference = F419B5ECEA2EB67EA1F0F97E /* Pods-FlixMovie.release.xcconfig */;
			buildSettings = {
				ASSETCATALOG_COMPILER_APPICON_NAME = AppIcon;
				ASSETCATALOG_COMPILER_GLOBAL_ACCENT_COLOR_NAME = AccentColor;
				CODE_SIGN_STYLE = Automatic;
				DEVELOPMENT_TEAM = M3RH4M498S;
				INFOPLIST_FILE = FlixMovie/Info.plist;
				LD_RUNPATH_SEARCH_PATHS = (
					"$(inherited)",
					"@executable_path/Frameworks",
				);
				PRODUCT_BUNDLE_IDENTIFIER = shreeyeshc.FlixMovie;
				PRODUCT_NAME = "$(TARGET_NAME)";
				SWIFT_VERSION = 5.0;
				TARGETED_DEVICE_FAMILY = "1,2";
			};
			name = Release;
		};
		291C24052540A09800F89B34 /* Debug */ = {
			isa = XCBuildConfiguration;
			baseConfigurationReference = 6D24FAD0287B12A3ED5ADFBA /* Pods-FlixMovieTests.debug.xcconfig */;
			buildSettings = {
				ALWAYS_EMBED_SWIFT_STANDARD_LIBRARIES = YES;
				BUNDLE_LOADER = "$(TEST_HOST)";
				CODE_SIGN_STYLE = Automatic;
				INFOPLIST_FILE = FlixMovieTests/Info.plist;
				IPHONEOS_DEPLOYMENT_TARGET = 14.0;
				LD_RUNPATH_SEARCH_PATHS = (
					"$(inherited)",
					"@executable_path/Frameworks",
					"@loader_path/Frameworks",
				);
				PRODUCT_BUNDLE_IDENTIFIER = shreeyeshc.FlixMovieTests;
				PRODUCT_NAME = "$(TARGET_NAME)";
				SWIFT_VERSION = 5.0;
				TARGETED_DEVICE_FAMILY = "1,2";
				TEST_HOST = "$(BUILT_PRODUCTS_DIR)/FlixMovie.app/FlixMovie";
			};
			name = Debug;
		};
		291C24062540A09800F89B34 /* Release */ = {
			isa = XCBuildConfiguration;
			baseConfigurationReference = F5728A224B5AF3403FFA136B /* Pods-FlixMovieTests.release.xcconfig */;
			buildSettings = {
				ALWAYS_EMBED_SWIFT_STANDARD_LIBRARIES = YES;
				BUNDLE_LOADER = "$(TEST_HOST)";
				CODE_SIGN_STYLE = Automatic;
				INFOPLIST_FILE = FlixMovieTests/Info.plist;
				IPHONEOS_DEPLOYMENT_TARGET = 14.0;
				LD_RUNPATH_SEARCH_PATHS = (
					"$(inherited)",
					"@executable_path/Frameworks",
					"@loader_path/Frameworks",
				);
				PRODUCT_BUNDLE_IDENTIFIER = shreeyeshc.FlixMovieTests;
				PRODUCT_NAME = "$(TARGET_NAME)";
				SWIFT_VERSION = 5.0;
				TARGETED_DEVICE_FAMILY = "1,2";
				TEST_HOST = "$(BUILT_PRODUCTS_DIR)/FlixMovie.app/FlixMovie";
			};
			name = Release;
		};
		291C24082540A09800F89B34 /* Debug */ = {
			isa = XCBuildConfiguration;
			baseConfigurationReference = 584E8D59859E5FBD3FB0C084 /* Pods-FlixMovie-FlixMovieUITests.debug.xcconfig */;
			buildSettings = {
				ALWAYS_EMBED_SWIFT_STANDARD_LIBRARIES = YES;
				CODE_SIGN_STYLE = Automatic;
				INFOPLIST_FILE = FlixMovieUITests/Info.plist;
				LD_RUNPATH_SEARCH_PATHS = (
					"$(inherited)",
					"@executable_path/Frameworks",
					"@loader_path/Frameworks",
				);
				PRODUCT_BUNDLE_IDENTIFIER = shreeyeshc.FlixMovieUITests;
				PRODUCT_NAME = "$(TARGET_NAME)";
				SWIFT_VERSION = 5.0;
				TARGETED_DEVICE_FAMILY = "1,2";
				TEST_TARGET_NAME = FlixMovie;
			};
			name = Debug;
		};
		291C24092540A09800F89B34 /* Release */ = {
			isa = XCBuildConfiguration;
			baseConfigurationReference = 2C0C77BA54077FBF1F33E07B /* Pods-FlixMovie-FlixMovieUITests.release.xcconfig */;
			buildSettings = {
				ALWAYS_EMBED_SWIFT_STANDARD_LIBRARIES = YES;
				CODE_SIGN_STYLE = Automatic;
				INFOPLIST_FILE = FlixMovieUITests/Info.plist;
				LD_RUNPATH_SEARCH_PATHS = (
					"$(inherited)",
					"@executable_path/Frameworks",
					"@loader_path/Frameworks",
				);
				PRODUCT_BUNDLE_IDENTIFIER = shreeyeshc.FlixMovieUITests;
				PRODUCT_NAME = "$(TARGET_NAME)";
				SWIFT_VERSION = 5.0;
				TARGETED_DEVICE_FAMILY = "1,2";
				TEST_TARGET_NAME = FlixMovie;
			};
			name = Release;
		};
/* End XCBuildConfiguration section */

/* Begin XCConfigurationList section */
		291C23D22540A09500F89B34 /* Build configuration list for PBXProject "FlixMovie" */ = {
			isa = XCConfigurationList;
			buildConfigurations = (
				291C23FF2540A09800F89B34 /* Debug */,
				291C24002540A09800F89B34 /* Release */,
			);
			defaultConfigurationIsVisible = 0;
			defaultConfigurationName = Release;
		};
		291C24012540A09800F89B34 /* Build configuration list for PBXNativeTarget "FlixMovie" */ = {
			isa = XCConfigurationList;
			buildConfigurations = (
				291C24022540A09800F89B34 /* Debug */,
				291C24032540A09800F89B34 /* Release */,
			);
			defaultConfigurationIsVisible = 0;
			defaultConfigurationName = Release;
		};
		291C24042540A09800F89B34 /* Build configuration list for PBXNativeTarget "FlixMovieTests" */ = {
			isa = XCConfigurationList;
			buildConfigurations = (
				291C24052540A09800F89B34 /* Debug */,
				291C24062540A09800F89B34 /* Release */,
			);
			defaultConfigurationIsVisible = 0;
			defaultConfigurationName = Release;
		};
		291C24072540A09800F89B34 /* Build configuration list for PBXNativeTarget "FlixMovieUITests" */ = {
			isa = XCConfigurationList;
			buildConfigurations = (
				291C24082540A09800F89B34 /* Debug */,
				291C24092540A09800F89B34 /* Release */,
			);
			defaultConfigurationIsVisible = 0;
			defaultConfigurationName = Release;
		};
/* End XCConfigurationList section */
	};
	rootObject = 291C23CF2540A09500F89B34 /* Project object */;
}
